
Microsoft Visual Studio Solution File, Format Version 12.00
Project("{FAE04EC0-301F-11D3-BF4B-00C04F79EFBC}") = "POC.SubModule.Global", "POC.SubModule.Global\POC.SubModule.Global.csproj", "{99437458-3535-4778-A094-2FF3B9F8089C}"
EndProject
Global
	GlobalSection(SolutionConfigurationPlatforms) = preSolution
		Debug|Any CPU = Debug|Any CPU
		Release|Any CPU = Release|Any CPU
	EndGlobalSection
	GlobalSection(ProjectConfigurationPlatforms) = postSolution
		{99437458-3535-4778-A094-2FF3B9F8089C}.Debug|Any CPU.ActiveCfg = Debug|Any CPU
		{99437458-3535-4778-A094-2FF3B9F8089C}.Debug|Any CPU.Build.0 = Debug|Any CPU
		{99437458-3535-4778-A094-2FF3B9F8089C}.Release|Any CPU.ActiveCfg = Release|Any CPU
		{99437458-3535-4778-A094-2FF3B9F8089C}.Release|Any CPU.Build.0 = Release|Any CPU
	EndGlobalSection
EndGlobal
